Microsoft Visual Studio Solution File, Format Version 12.00
# Visual Studio Version 17
VisualStudioVersion = 17.0.31903.59
MinimumVisualStudioVersion = 10.0.40219.1
Project("{2150E333-8FDC-42A3-9474-1A3956D46DE8}") = "src", "src", "{827E0CD3-B72D-47B6-A68D-7590B98EB39B}"
EndProject
Project("{FAE04EC0-301F-11D3-BF4B-00C04F79EFBC}") = "SimpleRecorder.Contracts", "src\SimpleRecorder.Contracts\SimpleRecorder.Contracts.csproj", "{4B154A73-17AE-45D1-938F-43D4F2B50DC6}"
EndProject
Project("{FAE04EC0-301F-11D3-BF4B-00C04F79EFBC}") = "SimpleRecorder.Infrastructure", "src\SimpleRecorder.Infrastructure\SimpleRecorder.Infrastructure.csproj", "{B4AF07C9-693E-40A7-A35A-B383EAA78D66}"
EndProject
Project("{FAE04EC0-301F-11D3-BF4B-00C04F79EFBC}") = "SimpleRecorder.Presentation", "src\SimpleRecorder.Presentation\SimpleRecorder.Presentation.csproj", "{9B1D0994-65CD-4118-9150-89FE19A47C21}"
EndProject
Project("{FAE04EC0-301F-11D3-BF4B-00C04F79EFBC}") = "SimpleRecorder.App", "src\SimpleRecorder.App\SimpleRecorder.App.csproj", "{9B36B36B-E437-41FE-9EF6-563A775B4FBA}"
	ProjectSection(ProjectDependencies) = postProject
		{DFF31A28-8FC6-4A86-8742-E44D71DFD623} = {DFF31A28-8FC6-4A86-8742-E44D71DFD623}
	EndProjectSection
EndProject
Project("{8BC9CEB8-8B4A-11D0-8D11-00A0C91BC942}") = "SimpleRecorder.Engine.Native", "src\SimpleRecorder.Engine.Native\SimpleRecorder.Engine.Native.vcxproj", "{DFF31A28-8FC6-4A86-8742-E44D71DFD623}"
EndProject
Global
	GlobalSection(SolutionConfigurationPlatforms) = preSolution
		Debug|x64 = Debug|x64
		Release|x64 = Release|x64
	EndGlobalSection
	GlobalSection(ProjectConfigurationPlatforms) = postSolution
		{4B154A73-17AE-45D1-938F-43D4F2B50DC6}.Debug|x64.ActiveCfg = Debug|x64
		{4B154A73-17AE-45D1-938F-43D4F2B50DC6}.Debug|x64.Build.0 = Debug|x64
		{4B154A73-17AE-45D1-938F-43D4F2B50DC6}.Release|x64.ActiveCfg = Release|x64
		{4B154A73-17AE-45D1-938F-43D4F2B50DC6}.Release|x64.Build.0 = Release|x64
		{B4AF07C9-693E-40A7-A35A-B383EAA78D66}.Debug|x64.ActiveCfg = Debug|x64
		{B4AF07C9-693E-40A7-A35A-B383EAA78D66}.Debug|x64.Build.0 = Debug|x64
		{B4AF07C9-693E-40A7-A35A-B383EAA78D66}.Release|x64.ActiveCfg = Release|x64
		{B4AF07C9-693E-40A7-A35A-B383EAA78D66}.Release|x64.Build.0 = Release|x64
		{9B1D0994-65CD-4118-9150-89FE19A47C21}.Debug|x64.ActiveCfg = Debug|x64
		{9B1D0994-65CD-4118-9150-89FE19A47C21}.Debug|x64.Build.0 = Debug|x64
		{9B1D0994-65CD-4118-9150-89FE19A47C21}.Release|x64.ActiveCfg = Release|x64
		{9B1D0994-65CD-4118-9150-89FE19A47C21}.Release|x64.Build.0 = Release|x64
		{9B36B36B-E437-41FE-9EF6-563A775B4FBA}.Debug|x64.ActiveCfg = Debug|x64
		{9B36B36B-E437-41FE-9EF6-563A775B4FBA}.Debug|x64.Build.0 = Debug|x64
		{9B36B36B-E437-41FE-9EF6-563A775B4FBA}.Release|x64.ActiveCfg = Release|x64
		{9B36B36B-E437-41FE-9EF6-563A775B4FBA}.Release|x64.Build.0 = Release|x64
		{DFF31A28-8FC6-4A86-8742-E44D71DFD623}.Debug|x64.ActiveCfg = Debug|x64
		{DFF31A28-8FC6-4A86-8742-E44D71DFD623}.Debug|x64.Build.0 = Debug|x64
		{DFF31A28-8FC6-4A86-8742-E44D71DFD623}.Release|x64.ActiveCfg = Release|x64
		{DFF31A28-8FC6-4A86-8742-E44D71DFD623}.Release|x64.Build.0 = Release|x64
	EndGlobalSection
	GlobalSection(SolutionProperties) = preSolution
		HideSolutionNode = FALSE
	EndGlobalSection
	GlobalSection(NestedProjects) = preSolution
		{4B154A73-17AE-45D1-938F-43D4F2B50DC6} = {827E0CD3-B72D-47B6-A68D-7590B98EB39B}
		{B4AF07C9-693E-40A7-A35A-B383EAA78D66} = {827E0CD3-B72D-47B6-A68D-7590B98EB39B}
		{9B1D0994-65CD-4118-9150-89FE19A47C21} = {827E0CD3-B72D-47B6-A68D-7590B98EB39B}
		{9B36B36B-E437-41FE-9EF6-563A775B4FBA} = {827E0CD3-B72D-47B6-A68D-7590B98EB39B}
		{DFF31A28-8FC6-4A86-8742-E44D71DFD623} = {827E0CD3-B72D-47B6-A68D-7590B98EB39B}
	EndGlobalSection
EndGlobal
